
Microsoft Visual Studio Solution File, Format Version 12.00
# Visual Studio Version 17
VisualStudioVersion = 17.4.32804.182
MinimumVisualStudioVersion = 10.0.40219.1
Project("{FAE04EC0-301F-11D3-BF4B-00C04F79EFBC}") = "InterestedStudentProject", "InterestedStudent Proejct\InterestedStudentProject.csproj", "{8434218A-6B51-430D-9843-BE9D29A3A623}"
EndProject
Global
	GlobalSection(SolutionConfigurationPlatforms) = preSolution
		Debug|Any CPU = Debug|Any CPU
		Release|Any CPU = Release|Any CPU
	EndGlobalSection
	GlobalSection(ProjectConfigurationPlatforms) = postSolution
		{8434218A-6B51-430D-9843-BE9D29A3A623}.Debug|Any CPU.ActiveCfg = Debug|Any CPU
		{8434218A-6B51-430D-9843-BE9D29A3A623}.Debug|Any CPU.Build.0 = Debug|Any CPU
		{8434218A-6B51-430D-9843-BE9D29A3A623}.Release|Any CPU.ActiveCfg = Release|Any CPU
		{8434218A-6B51-430D-9843-BE9D29A3A623}.Release|Any CPU.Build.0 = Release|Any CPU
	EndGlobalSection
	GlobalSection(SolutionProperties) = preSolution
		HideSolutionNode = FALSE
	EndGlobalSection
	GlobalSection(ExtensibilityGlobals) = postSolution
		SolutionGuid = {7AD239CA-8AE3-4F2A-AC0A-8000407FC98C}
	EndGlobalSection
EndGlobal
